
Microsoft Visual Studio Solution File, Format Version 12.00
# Visual Studio Version 17
VisualStudioVersion = 17.7.34009.444
MinimumVisualStudioVersion = 10.0.40219.1
Project("{FAE04EC0-301F-11D3-BF4B-00C04F79EFBC}") = "MyUnity", "MyUnity\MyUnity.csproj", "{29A67BFE-C13F-4268-B680-7B46836EFADA}"
EndProject
Global
	GlobalSection(SolutionConfigurationPlatforms) = preSolution
		Debug|Any CPU = Debug|Any CPU
		Release|Any CPU = Release|Any CPU
	EndGlobalSection
	GlobalSection(ProjectConfigurationPlatforms) = postSolution
		{29A67BFE-C13F-4268-B680-7B46836EFADA}.Debug|Any CPU.ActiveCfg = Debug|Any CPU
		{29A67BFE-C13F-4268-B680-7B46836EFADA}.Debug|Any CPU.Build.0 = Debug|Any CPU
		{29A67BFE-C13F-4268-B680-7B46836EFADA}.Release|Any CPU.ActiveCfg = Release|Any CPU
		{29A67BFE-C13F-4268-B680-7B46836EFADA}.Release|Any CPU.Build.0 = Release|Any CPU
	EndGlobalSection
	GlobalSection(SolutionProperties) = preSolution
		HideSolutionNode = FALSE
	EndGlobalSection
	GlobalSection(ExtensibilityGlobals) = postSolution
		SolutionGuid = {35AF9027-93AD-4A79-AF59-16AD7726D319}
	EndGlobalSection
EndGlobal
